
Microsoft Visual Studio Solution File, Format Version 12.00
# Visual Studio Version 17
VisualStudioVersion = 17.7.34024.191
MinimumVisualStudioVersion = 10.0.40219.1
Project("{FAE04EC0-301F-11D3-BF4B-00C04F79EFBC}") = "ghhhh4", "ghhhh4\ghhhh4.csproj", "{78F83099-2348-411E-B73B-57D49F55977E}"
EndProject
Global
	GlobalSection(SolutionConfigurationPlatforms) = preSolution
		Debug|Any CPU = Debug|Any CPU
		Release|Any CPU = Release|Any CPU
	EndGlobalSection
	GlobalSection(ProjectConfigurationPlatforms) = postSolution
		{78F83099-2348-411E-B73B-57D49F55977E}.Debug|Any CPU.ActiveCfg = Debug|Any CPU
		{78F83099-2348-411E-B73B-57D49F55977E}.Debug|Any CPU.Build.0 = Debug|Any CPU
		{78F83099-2348-411E-B73B-57D49F55977E}.Release|Any CPU.ActiveCfg = Release|Any CPU
		{78F83099-2348-411E-B73B-57D49F55977E}.Release|Any CPU.Build.0 = Release|Any CPU
	EndGlobalSection
	GlobalSection(SolutionProperties) = preSolution
		HideSolutionNode = FALSE
	EndGlobalSection
	GlobalSection(ExtensibilityGlobals) = postSolution
		SolutionGuid = {889DD33A-A8A3-477B-8DC0-415241CAAD9B}
	EndGlobalSection
EndGlobal
